
Microsoft Visual Studio Solution File, Format Version 12.00
# Visual Studio Version 17
VisualStudioVersion = 17.7.34221.43
MinimumVisualStudioVersion = 10.0.40219.1
Project("{FAE04EC0-301F-11D3-BF4B-00C04F79EFBC}") = "DigiArman", "DigiArman\DigiArman.csproj", "{3659B979-3846-4FF1-8BBC-7FE62980DCF8}"
EndProject
Global
	GlobalSection(SolutionConfigurationPlatforms) = preSolution
		Debug|Any CPU = Debug|Any CPU
		Release|Any CPU = Release|Any CPU
	EndGlobalSection
	GlobalSection(ProjectConfigurationPlatforms) = postSolution
		{3659B979-3846-4FF1-8BBC-7FE62980DCF8}.Debug|Any CPU.ActiveCfg = Debug|Any CPU
		{3659B979-3846-4FF1-8BBC-7FE62980DCF8}.Debug|Any CPU.Build.0 = Debug|Any CPU
		{3659B979-3846-4FF1-8BBC-7FE62980DCF8}.Release|Any CPU.ActiveCfg = Release|Any CPU
		{3659B979-3846-4FF1-8BBC-7FE62980DCF8}.Release|Any CPU.Build.0 = Release|Any CPU
	EndGlobalSection
	GlobalSection(SolutionProperties) = preSolution
		HideSolutionNode = FALSE
	EndGlobalSection
	GlobalSection(ExtensibilityGlobals) = postSolution
		SolutionGuid = {C990E469-A94C-448F-AC96-3BD75D720F36}
	EndGlobalSection
EndGlobal
